// !$*UTF8*$!
{
	archiveVersion = 1;
	classes = {
	};
	objectVersion = 56;
	objects = {

/* Begin PBXBuildFile section */
		3704F6B329220FDD00AAF569 /* WalletConnector.swift in Sources */ = {isa = PBXBuildFile; fileRef = 3704F6B229220FDD00AAF569 /* WalletConnector.swift */; };
		3704F6B6292288E900AAF569 /* WalletConnectSwift in Frameworks */ = {isa = PBXBuildFile; productRef = 3704F6B5292288E900AAF569 /* WalletConnectSwift */; };
		370ABEFE292A83C8005B8E11 /* InfuraApiClient.swift in Sources */ = {isa = PBXBuildFile; fileRef = 370ABEFD292A83C8005B8E11 /* InfuraApiClient.swift */; };
		370ABF01292A847F005B8E11 /* Alamofire in Frameworks */ = {isa = PBXBuildFile; productRef = 370ABF00292A847F005B8E11 /* Alamofire */; };
		370D8E8E291F8C3B004A091F /* DMSans-Medium.ttf in Resources */ = {isa = PBXBuildFile; fileRef = 370D8E88291F8C3B004A091F /* DMSans-Medium.ttf */; };
		370D8E8F291F8C3B004A091F /* DMSans-Bold.ttf in Resources */ = {isa = PBXBuildFile; fileRef = 370D8E89291F8C3B004A091F /* DMSans-Bold.ttf */; };
		370D8E90291F8C3B004A091F /* DMSans-Italic.ttf in Resources */ = {isa = PBXBuildFile; fileRef = 370D8E8A291F8C3B004A091F /* DMSans-Italic.ttf */; };
		370D8E91291F8C3B004A091F /* DMSans-MediumItalic.ttf in Resources */ = {isa = PBXBuildFile; fileRef = 370D8E8B291F8C3B004A091F /* DMSans-MediumItalic.ttf */; };
		370D8E92291F8C3B004A091F /* DMSans-Regular.ttf in Resources */ = {isa = PBXBuildFile; fileRef = 370D8E8C291F8C3B004A091F /* DMSans-Regular.ttf */; };
		370D8E93291F8C3B004A091F /* DMSans-BoldItalic.ttf in Resources */ = {isa = PBXBuildFile; fileRef = 370D8E8D291F8C3B004A091F /* DMSans-BoldItalic.ttf */; };
		372248C628DABA5E0066BCE5 /* Post.swift in Sources */ = {isa = PBXBuildFile; fileRef = 372248C528DABA5E0066BCE5 /* Post.swift */; };
		372248CC28DADE3C0066BCE5 /* HelperTests.swift in Sources */ = {isa = PBXBuildFile; fileRef = 372248CB28DADE3C0066BCE5 /* HelperTests.swift */; };
		372248CE28DAF38D0066BCE5 /* PostDetailView.swift in Sources */ = {isa = PBXBuildFile; fileRef = 372248CD28DAF38D0066BCE5 /* PostDetailView.swift */; };
		372248D328DAF4C40066BCE5 /* la-brands-400.ttf in Resources */ = {isa = PBXBuildFile; fileRef = 372248D028DAF4C40066BCE5 /* la-brands-400.ttf */; };
		372248D428DAF4C40066BCE5 /* la-solid-900.ttf in Resources */ = {isa = PBXBuildFile; fileRef = 372248D128DAF4C40066BCE5 /* la-solid-900.ttf */; };
		372248D528DAF4C40066BCE5 /* la-regular-400.ttf in Resources */ = {isa = PBXBuildFile; fileRef = 372248D228DAF4C40066BCE5 /* la-regular-400.ttf */; };
		372248D828DB46890066BCE5 /* Root.swift in Sources */ = {isa = PBXBuildFile; fileRef = 372248D728DB46890066BCE5 /* Root.swift */; };
		372248DA28DB479D0066BCE5 /* TimelineView.swift in Sources */ = {isa = PBXBuildFile; fileRef = 372248D928DB479D0066BCE5 /* TimelineView.swift */; };
		372248DC28DB47A80066BCE5 /* Timeline.swift in Sources */ = {isa = PBXBuildFile; fileRef = 372248DB28DB47A80066BCE5 /* Timeline.swift */; };
		372248DF28DBFF080066BCE5 /* Theme.swift in Sources */ = {isa = PBXBuildFile; fileRef = 372248DE28DBFF080066BCE5 /* Theme.swift */; };
		372D1782294B043A008D2BEF /* Sentry in Frameworks */ = {isa = PBXBuildFile; productRef = 372D1781294B043A008D2BEF /* Sentry */; };
		372D1788294B0771008D2BEF /* RootTests.swift in Sources */ = {isa = PBXBuildFile; fileRef = 372D1787294B0771008D2BEF /* RootTests.swift */; };
		372D178A294B0E41008D2BEF /* TestHelper.swift in Sources */ = {isa = PBXBuildFile; fileRef = 372D1789294B0E41008D2BEF /* TestHelper.swift */; };
		373269C52927D60500B86EA9 /* LensApiClient+ProfileModel.swift in Sources */ = {isa = PBXBuildFile; fileRef = 373269C42927D60500B86EA9 /* LensApiClient+ProfileModel.swift */; };
		3737037E291FF5770006FB04 /* Righteous-Regular.ttf in Resources */ = {isa = PBXBuildFile; fileRef = 3737037D291FF5770006FB04 /* Righteous-Regular.ttf */; };
		373DAF1F29305C3700648C8E /* SwiftUINavigation in Frameworks */ = {isa = PBXBuildFile; productRef = 373DAF1E29305C3700648C8E /* SwiftUINavigation */; };
		37557A23292744FB005524C5 /* Sentry in Frameworks */ = {isa = PBXBuildFile; productRef = 37557A22292744FB005524C5 /* Sentry */; };
		3758528D293281FD0017A415 /* NavigationApi.swift in Sources */ = {isa = PBXBuildFile; fileRef = 3758528C293281FD0017A415 /* NavigationApi.swift */; };
		376C5ED628D4253F00BA908A /* ProfileModel.swift in Sources */ = {isa = PBXBuildFile; fileRef = 376C5ED528D4253F00BA908A /* ProfileModel.swift */; };
		376C5ED828D4266100BA908A /* PostView.swift in Sources */ = {isa = PBXBuildFile; fileRef = 376C5ED728D4266100BA908A /* PostView.swift */; };
		3777830628CCA05D00E7E32A /* LentilApp.swift in Sources */ = {isa = PBXBuildFile; fileRef = 3777830528CCA05D00E7E32A /* LentilApp.swift */; };
		3777830828CCA05D00E7E32A /* RootView.swift in Sources */ = {isa = PBXBuildFile; fileRef = 3777830728CCA05D00E7E32A /* RootView.swift */; };
		3777830A28CCA05E00E7E32A /* Assets.xcassets in Resources */ = {isa = PBXBuildFile; fileRef = 3777830928CCA05E00E7E32A /* Assets.xcassets */; };
		3777830D28CCA05E00E7E32A /* Preview Assets.xcassets in Resources */ = {isa = PBXBuildFile; fileRef = 3777830C28CCA05E00E7E32A /* Preview Assets.xcassets */; };
		3777831728CCA05E00E7E32A /* LentilTests.swift in Sources */ = {isa = PBXBuildFile; fileRef = 3777831628CCA05E00E7E32A /* LentilTests.swift */; };
		3777832128CCA05F00E7E32A /* LentilUITests.swift in Sources */ = {isa = PBXBuildFile; fileRef = 3777832028CCA05F00E7E32A /* LentilUITests.swift */; };
		3777832328CCA05F00E7E32A /* LentilUITestsLaunchTests.swift in Sources */ = {isa = PBXBuildFile; fileRef = 3777832228CCA05F00E7E32A /* LentilUITestsLaunchTests.swift */; };
		3777834328CCD39500E7E32A /* API.swift in Sources */ = {isa = PBXBuildFile; fileRef = 3777834228CCD39500E7E32A /* API.swift */; };
		3777834728CDA27600E7E32A /* LensApiClient.swift in Sources */ = {isa = PBXBuildFile; fileRef = 3777834628CDA27600E7E32A /* LensApiClient.swift */; };
		37849D6529069DFE003FC409 /* LensApiClient+TypedData.swift in Sources */ = {isa = PBXBuildFile; fileRef = 37849D6429069DFE003FC409 /* LensApiClient+TypedData.swift */; };
		37A7A6F6293C4DAB00964768 /* MediaDataModel.swift in Sources */ = {isa = PBXBuildFile; fileRef = 37A7A6F5293C4DAB00964768 /* MediaDataModel.swift */; };
		37A7A6F9293C53F100964768 /* Cache.swift in Sources */ = {isa = PBXBuildFile; fileRef = 37A7A6F8293C53F100964768 /* Cache.swift */; };
		37BBB12A28F271F100A6D202 /* LensApiClient+Run.swift in Sources */ = {isa = PBXBuildFile; fileRef = 37BBB12928F271F100A6D202 /* LensApiClient+Run.swift */; };
		37BBB12C28F2731E00A6D202 /* LensApiClient+Environment.swift in Sources */ = {isa = PBXBuildFile; fileRef = 37BBB12B28F2731E00A6D202 /* LensApiClient+Environment.swift */; };
		37BBB12F28F2A9E300A6D202 /* LensApiClient+Interceptors.swift in Sources */ = {isa = PBXBuildFile; fileRef = 37BBB12E28F2A9E200A6D202 /* LensApiClient+Interceptors.swift */; };
		37BBBAFE2901292900E74462 /* Keychain.swift in Sources */ = {isa = PBXBuildFile; fileRef = 37BBBAFD2901292900E74462 /* Keychain.swift */; };
		37BE766F28FA63A600282ED0 /* AuthTokenStorage.swift in Sources */ = {isa = PBXBuildFile; fileRef = 37BE766E28FA63A600282ED0 /* AuthTokenStorage.swift */; };
		37BE767128FAA73800282ED0 /* LentilButton.swift in Sources */ = {isa = PBXBuildFile; fileRef = 37BE767028FAA73800282ED0 /* LentilButton.swift */; };
		37BE767428FAB6CB00282ED0 /* SignInWithLens.swift in Sources */ = {isa = PBXBuildFile; fileRef = 37BE767328FAB6CB00282ED0 /* SignInWithLens.swift */; };
		37C5178E291EA986002D2B6D /* ProfileView.swift in Sources */ = {isa = PBXBuildFile; fileRef = 37C5178D291EA986002D2B6D /* ProfileView.swift */; };
		37C51793291F518C002D2B6D /* LentilImage.swift in Sources */ = {isa = PBXBuildFile; fileRef = 37C51792291F518C002D2B6D /* LentilImage.swift */; };
		37C54C59292B12A0006E8DBA /* InfuraApiClient+Environment.swift in Sources */ = {isa = PBXBuildFile; fileRef = 37C54C58292B12A0006E8DBA /* InfuraApiClient+Environment.swift */; };
		37C54C5C292B1ECC006E8DBA /* CreatePublicationView.swift in Sources */ = {isa = PBXBuildFile; fileRef = 37C54C5B292B1ECC006E8DBA /* CreatePublicationView.swift */; };
		37C54C5E292B20B4006E8DBA /* CreatePublication.swift in Sources */ = {isa = PBXBuildFile; fileRef = 37C54C5D292B20B4006E8DBA /* CreatePublication.swift */; };
		37C54C65292C7EE6006E8DBA /* Metadata.swift in Sources */ = {isa = PBXBuildFile; fileRef = 37C54C64292C7EE6006E8DBA /* Metadata.swift */; };
		37C54C67292C8932006E8DBA /* File+Image.swift in Sources */ = {isa = PBXBuildFile; fileRef = 37C54C66292C8932006E8DBA /* File+Image.swift */; };
		37C54C69292C895B006E8DBA /* File+FormDataAppendable.swift in Sources */ = {isa = PBXBuildFile; fileRef = 37C54C68292C895B006E8DBA /* File+FormDataAppendable.swift */; };
		37C54C6B292C897C006E8DBA /* File+Publication.swift in Sources */ = {isa = PBXBuildFile; fileRef = 37C54C6A292C897C006E8DBA /* File+Publication.swift */; };
		37C89B6429278535003583E8 /* LentilEnvironment.swift in Sources */ = {isa = PBXBuildFile; fileRef = 37C89B6329278535003583E8 /* LentilEnvironment.swift */; };
		37CC0CFE292793930036C6E9 /* MediaModel.swift in Sources */ = {isa = PBXBuildFile; fileRef = 37CC0CFD292793930036C6E9 /* MediaModel.swift */; };
		37CC0D00292796780036C6E9 /* LensApiClient+MediaModel.swift in Sources */ = {isa = PBXBuildFile; fileRef = 37CC0CFF292796780036C6E9 /* LensApiClient+MediaModel.swift */; };
		37CC0D0229279DC30036C6E9 /* Toast.swift in Sources */ = {isa = PBXBuildFile; fileRef = 37CC0D0129279DC30036C6E9 /* Toast.swift */; };
		37CDEB0E28D03146009B2B7E /* PublicationModel.swift in Sources */ = {isa = PBXBuildFile; fileRef = 37CDEB0D28D03146009B2B7E /* PublicationModel.swift */; };
		37CDEB1028D0322F009B2B7E /* Helper.swift in Sources */ = {isa = PBXBuildFile; fileRef = 37CDEB0F28D0322F009B2B7E /* Helper.swift */; };
		37D1236A28F70EC90037A4A7 /* ComposableArchitecture in Frameworks */ = {isa = PBXBuildFile; productRef = 37D1236928F70EC90037A4A7 /* ComposableArchitecture */; };
		37D1236C28F70EC90037A4A7 /* Dependencies in Frameworks */ = {isa = PBXBuildFile; productRef = 37D1236B28F70EC90037A4A7 /* Dependencies */; };
		37D1236F28F70EE90037A4A7 /* Apollo in Frameworks */ = {isa = PBXBuildFile; productRef = 37D1236E28F70EE90037A4A7 /* Apollo */; };
		37D1237128F70EE90037A4A7 /* ApolloWebSocket in Frameworks */ = {isa = PBXBuildFile; productRef = 37D1237028F70EE90037A4A7 /* ApolloWebSocket */; };
		37D6808F292386B100F31669 /* UINavigationController+BackGesture.swift in Sources */ = {isa = PBXBuildFile; fileRef = 37D6808E292386B100F31669 /* UINavigationController+BackGesture.swift */; };
		37D680912924AB3200F31669 /* Profile.swift in Sources */ = {isa = PBXBuildFile; fileRef = 37D680902924AB3200F31669 /* Profile.swift */; };
		37DB471D2924D7DA00DE9EB3 /* UserProfile.swift in Sources */ = {isa = PBXBuildFile; fileRef = 37DB471C2924D7DA00DE9EB3 /* UserProfile.swift */; };
		37E5C4ED29481B6A005B3979 /* Cache in Frameworks */ = {isa = PBXBuildFile; productRef = 37E5C4EC29481B6A005B3979 /* Cache */; };
		37F5C5E6291FBC34003C9E40 /* WalletView.swift in Sources */ = {isa = PBXBuildFile; fileRef = 37F5C5E5291FBC34003C9E40 /* WalletView.swift */; };
		37F5C5E8291FBC4E003C9E40 /* Wallet.swift in Sources */ = {isa = PBXBuildFile; fileRef = 37F5C5E7291FBC4E003C9E40 /* Wallet.swift */; };
		37F71B4C28DE8A2D00F6D9B1 /* PostHeaderView.swift in Sources */ = {isa = PBXBuildFile; fileRef = 37F71B4B28DE8A2D00F6D9B1 /* PostHeaderView.swift */; };
		37F71B4E28DE940300F6D9B1 /* PostStatsView.swift in Sources */ = {isa = PBXBuildFile; fileRef = 37F71B4D28DE940300F6D9B1 /* PostStatsView.swift */; };
		37F71B5028DF34E400F6D9B1 /* LensApiClient+PublicationModel.swift in Sources */ = {isa = PBXBuildFile; fileRef = 37F71B4F28DF34E400F6D9B1 /* LensApiClient+PublicationModel.swift */; };
		37F71B5628DF4D6400F6D9B1 /* Publication.swift in Sources */ = {isa = PBXBuildFile; fileRef = 37F71B5528DF4D6400F6D9B1 /* Publication.swift */; };
/* End PBXBuildFile section */

/* Begin PBXContainerItemProxy section */
		3777831328CCA05E00E7E32A /* PBXContainerItemProxy */ = {
			isa = PBXContainerItemProxy;
			containerPortal = 377782FA28CCA05D00E7E32A /* Project object */;
			proxyType = 1;
			remoteGlobalIDString = 3777830128CCA05D00E7E32A;
			remoteInfo = Lentil;
		};
		3777831D28CCA05F00E7E32A /* PBXContainerItemProxy */ = {
			isa = PBXContainerItemProxy;
			containerPortal = 377782FA28CCA05D00E7E32A /* Project object */;
			proxyType = 1;
			remoteGlobalIDString = 3777830128CCA05D00E7E32A;
			remoteInfo = Lentil;
		};
/* End PBXContainerItemProxy section */

/* Begin PBXFileReference section */
		3704F6B229220FDD00AAF569 /* WalletConnector.swift */ = {isa = PBXFileReference; lastKnownFileType = sourcecode.swift; path = WalletConnector.swift; sourceTree = "<group>"; };
		370ABEFD292A83C8005B8E11 /* InfuraApiClient.swift */ = {isa = PBXFileReference; lastKnownFileType = sourcecode.swift; path = InfuraApiClient.swift; sourceTree = "<group>"; };
		370D8E88291F8C3B004A091F /* DMSans-Medium.ttf */ = {isa = PBXFileReference; lastKnownFileType = file; path = "DMSans-Medium.ttf"; sourceTree = "<group>"; };
		370D8E89291F8C3B004A091F /* DMSans-Bold.ttf */ = {isa = PBXFileReference; lastKnownFileType = file; path = "DMSans-Bold.ttf"; sourceTree = "<group>"; };
		370D8E8A291F8C3B004A091F /* DMSans-Italic.ttf */ = {isa = PBXFileReference; lastKnownFileType = file; path = "DMSans-Italic.ttf"; sourceTree = "<group>"; };
		370D8E8B291F8C3B004A091F /* DMSans-MediumItalic.ttf */ = {isa = PBXFileReference; lastKnownFileType = file; path = "DMSans-MediumItalic.ttf"; sourceTree = "<group>"; };
		370D8E8C291F8C3B004A091F /* DMSans-Regular.ttf */ = {isa = PBXFileReference; lastKnownFileType = file; path = "DMSans-Regular.ttf"; sourceTree = "<group>"; };
		370D8E8D291F8C3B004A091F /* DMSans-BoldItalic.ttf */ = {isa = PBXFileReference; lastKnownFileType = file; path = "DMSans-BoldItalic.ttf"; sourceTree = "<group>"; };
		372248C528DABA5E0066BCE5 /* Post.swift */ = {isa = PBXFileReference; lastKnownFileType = sourcecode.swift; path = Post.swift; sourceTree = "<group>"; };
		372248CB28DADE3C0066BCE5 /* HelperTests.swift */ = {isa = PBXFileReference; lastKnownFileType = sourcecode.swift; path = HelperTests.swift; sourceTree = "<group>"; };
		372248CD28DAF38D0066BCE5 /* PostDetailView.swift */ = {isa = PBXFileReference; lastKnownFileType = sourcecode.swift; path = PostDetailView.swift; sourceTree = "<group>"; };
		372248D028DAF4C40066BCE5 /* la-brands-400.ttf */ = {isa = PBXFileReference; lastKnownFileType = file; path = "la-brands-400.ttf"; sourceTree = "<group>"; };
		372248D128DAF4C40066BCE5 /* la-solid-900.ttf */ = {isa = PBXFileReference; lastKnownFileType = file; path = "la-solid-900.ttf"; sourceTree = "<group>"; };
		372248D228DAF4C40066BCE5 /* la-regular-400.ttf */ = {isa = PBXFileReference; lastKnownFileType = file; path = "la-regular-400.ttf"; sourceTree = "<group>"; };
		372248D628DAF4EC0066BCE5 /* Info.plist */ = {isa = PBXFileReference; lastKnownFileType = text.plist; path = Info.plist; sourceTree = "<group>"; };
		372248D728DB46890066BCE5 /* Root.swift */ = {isa = PBXFileReference; lastKnownFileType = sourcecode.swift; path = Root.swift; sourceTree = "<group>"; };
		372248D928DB479D0066BCE5 /* TimelineView.swift */ = {isa = PBXFileReference; lastKnownFileType = sourcecode.swift; path = TimelineView.swift; sourceTree = "<group>"; };
		372248DB28DB47A80066BCE5 /* Timeline.swift */ = {isa = PBXFileReference; lastKnownFileType = sourcecode.swift; path = Timeline.swift; sourceTree = "<group>"; };
		372248DE28DBFF080066BCE5 /* Theme.swift */ = {isa = PBXFileReference; lastKnownFileType = sourcecode.swift; path = Theme.swift; sourceTree = "<group>"; };
		372D1787294B0771008D2BEF /* RootTests.swift */ = {isa = PBXFileReference; lastKnownFileType = sourcecode.swift; path = RootTests.swift; sourceTree = "<group>"; };
		372D1789294B0E41008D2BEF /* TestHelper.swift */ = {isa = PBXFileReference; lastKnownFileType = sourcecode.swift; path = TestHelper.swift; sourceTree = "<group>"; };
		373269C42927D60500B86EA9 /* LensApiClient+ProfileModel.swift */ = {isa = PBXFileReference; lastKnownFileType = sourcecode.swift; path = "LensApiClient+ProfileModel.swift"; sourceTree = "<group>"; };
		3737037D291FF5770006FB04 /* Righteous-Regular.ttf */ = {isa = PBXFileReference; lastKnownFileType = file; path = "Righteous-Regular.ttf"; sourceTree = "<group>"; };
		3758528C293281FD0017A415 /* NavigationApi.swift */ = {isa = PBXFileReference; lastKnownFileType = sourcecode.swift; path = NavigationApi.swift; sourceTree = "<group>"; };
		376C5ED528D4253F00BA908A /* ProfileModel.swift */ = {isa = PBXFileReference; lastKnownFileType = sourcecode.swift; path = ProfileModel.swift; sourceTree = "<group>"; };
		376C5ED728D4266100BA908A /* PostView.swift */ = {isa = PBXFileReference; lastKnownFileType = sourcecode.swift; path = PostView.swift; sourceTree = "<group>"; };
		3777830228CCA05D00E7E32A /* Lentil.app */ = {isa = PBXFileReference; explicitFileType = wrapper.application; includeInIndex = 0; path = Lentil.app; sourceTree = BUILT_PRODUCTS_DIR; };
		3777830528CCA05D00E7E32A /* LentilApp.swift */ = {isa = PBXFileReference; lastKnownFileType = sourcecode.swift; path = LentilApp.swift; sourceTree = "<group>"; };
		3777830728CCA05D00E7E32A /* RootView.swift */ = {isa = PBXFileReference; lastKnownFileType = sourcecode.swift; path = RootView.swift; sourceTree = "<group>"; };
		3777830928CCA05E00E7E32A /* Assets.xcassets */ = {isa = PBXFileReference; lastKnownFileType = folder.assetcatalog; path = Assets.xcassets; sourceTree = "<group>"; };
		3777830C28CCA05E00E7E32A /* Preview Assets.xcassets */ = {isa = PBXFileReference; lastKnownFileType = folder.assetcatalog; path = "Preview Assets.xcassets"; sourceTree = "<group>"; };
		3777831228CCA05E00E7E32A /* LentilTests.xctest */ = {isa = PBXFileReference; explicitFileType = wrapper.cfbundle; includeInIndex = 0; path = LentilTests.xctest; sourceTree = BUILT_PRODUCTS_DIR; };
		3777831628CCA05E00E7E32A /* LentilTests.swift */ = {isa = PBXFileReference; lastKnownFileType = sourcecode.swift; path = LentilTests.swift; sourceTree = "<group>"; };
		3777831C28CCA05F00E7E32A /* LentilUITests.xctest */ = {isa = PBXFileReference; explicitFileType = wrapper.cfbundle; includeInIndex = 0; path = LentilUITests.xctest; sourceTree = BUILT_PRODUCTS_DIR; };
		3777832028CCA05F00E7E32A /* LentilUITests.swift */ = {isa = PBXFileReference; lastKnownFileType = sourcecode.swift; path = LentilUITests.swift; sourceTree = "<group>"; };
		3777832228CCA05F00E7E32A /* LentilUITestsLaunchTests.swift */ = {isa = PBXFileReference; lastKnownFileType = sourcecode.swift; path = LentilUITestsLaunchTests.swift; sourceTree = "<group>"; };
		3777833F28CCD21400E7E32A /* operations.graphql */ = {isa = PBXFileReference; lastKnownFileType = text; path = operations.graphql; sourceTree = "<group>"; };
		3777834128CCD35300E7E32A /* schema.json */ = {isa = PBXFileReference; lastKnownFileType = text.json; path = schema.json; sourceTree = "<group>"; };
		3777834228CCD39500E7E32A /* API.swift */ = {isa = PBXFileReference; fileEncoding = 4; lastKnownFileType = sourcecode.swift; path = API.swift; sourceTree = "<group>"; };
		3777834628CDA27600E7E32A /* LensApiClient.swift */ = {isa = PBXFileReference; lastKnownFileType = sourcecode.swift; path = LensApiClient.swift; sourceTree = "<group>"; };
		37849D6429069DFE003FC409 /* LensApiClient+TypedData.swift */ = {isa = PBXFileReference; fileEncoding = 4; lastKnownFileType = sourcecode.swift; path = "LensApiClient+TypedData.swift"; sourceTree = "<group>"; };
		37A7A6F5293C4DAB00964768 /* MediaDataModel.swift */ = {isa = PBXFileReference; lastKnownFileType = sourcecode.swift; path = MediaDataModel.swift; sourceTree = "<group>"; };
		37A7A6F8293C53F100964768 /* Cache.swift */ = {isa = PBXFileReference; lastKnownFileType = sourcecode.swift; path = Cache.swift; sourceTree = "<group>"; };
		37BBB12928F271F100A6D202 /* LensApiClient+Run.swift */ = {isa = PBXFileReference; lastKnownFileType = sourcecode.swift; path = "LensApiClient+Run.swift"; sourceTree = "<group>"; };
		37BBB12B28F2731E00A6D202 /* LensApiClient+Environment.swift */ = {isa = PBXFileReference; lastKnownFileType = sourcecode.swift; path = "LensApiClient+Environment.swift"; sourceTree = "<group>"; };
		37BBB12E28F2A9E200A6D202 /* LensApiClient+Interceptors.swift */ = {isa = PBXFileReference; lastKnownFileType = sourcecode.swift; path = "LensApiClient+Interceptors.swift"; sourceTree = "<group>"; };
		37BBBAFD2901292900E74462 /* Keychain.swift */ = {isa = PBXFileReference; fileEncoding = 4; lastKnownFileType = sourcecode.swift; path = Keychain.swift; sourceTree = "<group>"; };
		37BE766E28FA63A600282ED0 /* AuthTokenStorage.swift */ = {isa = PBXFileReference; lastKnownFileType = sourcecode.swift; path = AuthTokenStorage.swift; sourceTree = "<group>"; };
		37BE767028FAA73800282ED0 /* LentilButton.swift */ = {isa = PBXFileReference; lastKnownFileType = sourcecode.swift; path = LentilButton.swift; sourceTree = "<group>"; };
		37BE767328FAB6CB00282ED0 /* SignInWithLens.swift */ = {isa = PBXFileReference; lastKnownFileType = sourcecode.swift; path = SignInWithLens.swift; sourceTree = "<group>"; };
		37C5178D291EA986002D2B6D /* ProfileView.swift */ = {isa = PBXFileReference; lastKnownFileType = sourcecode.swift; path = ProfileView.swift; sourceTree = "<group>"; };
		37C51792291F518C002D2B6D /* LentilImage.swift */ = {isa = PBXFileReference; lastKnownFileType = sourcecode.swift; path = LentilImage.swift; sourceTree = "<group>"; };
		37C54C57292B0E46006E8DBA /* Secrets-Development.xcconfig */ = {isa = PBXFileReference; lastKnownFileType = text.xcconfig; name = "Secrets-Development.xcconfig"; path = "Lentil/Secrets-Development.xcconfig"; sourceTree = SOURCE_ROOT; };
		37C54C58292B12A0006E8DBA /* InfuraApiClient+Environment.swift */ = {isa = PBXFileReference; lastKnownFileType = sourcecode.swift; path = "InfuraApiClient+Environment.swift"; sourceTree = "<group>"; };
		37C54C5B292B1ECC006E8DBA /* CreatePublicationView.swift */ = {isa = PBXFileReference; lastKnownFileType = sourcecode.swift; path = CreatePublicationView.swift; sourceTree = "<group>"; };
		37C54C5D292B20B4006E8DBA /* CreatePublication.swift */ = {isa = PBXFileReference; lastKnownFileType = sourcecode.swift; path = CreatePublication.swift; sourceTree = "<group>"; };
		37C54C5F292B4103006E8DBA /* Mumbai-Development.xcconfig */ = {isa = PBXFileReference; lastKnownFileType = text.xcconfig; path = "Mumbai-Development.xcconfig"; sourceTree = "<group>"; };
		37C54C60292B4113006E8DBA /* Polygon-Production.xcconfig */ = {isa = PBXFileReference; lastKnownFileType = text.xcconfig; path = "Polygon-Production.xcconfig"; sourceTree = "<group>"; };
		37C54C61292B423E006E8DBA /* Secrets-Production.xcconfig */ = {isa = PBXFileReference; lastKnownFileType = text.xcconfig; path = "Secrets-Production.xcconfig"; sourceTree = "<group>"; };
		37C54C64292C7EE6006E8DBA /* Metadata.swift */ = {isa = PBXFileReference; lastKnownFileType = sourcecode.swift; path = Metadata.swift; sourceTree = "<group>"; };
		37C54C66292C8932006E8DBA /* File+Image.swift */ = {isa = PBXFileReference; lastKnownFileType = sourcecode.swift; path = "File+Image.swift"; sourceTree = "<group>"; };
		37C54C68292C895B006E8DBA /* File+FormDataAppendable.swift */ = {isa = PBXFileReference; lastKnownFileType = sourcecode.swift; path = "File+FormDataAppendable.swift"; sourceTree = "<group>"; };
		37C54C6A292C897C006E8DBA /* File+Publication.swift */ = {isa = PBXFileReference; lastKnownFileType = sourcecode.swift; path = "File+Publication.swift"; sourceTree = "<group>"; };
		37C89B6329278535003583E8 /* LentilEnvironment.swift */ = {isa = PBXFileReference; lastKnownFileType = sourcecode.swift; path = LentilEnvironment.swift; sourceTree = "<group>"; };
		37CC0CFD292793930036C6E9 /* MediaModel.swift */ = {isa = PBXFileReference; lastKnownFileType = sourcecode.swift; path = MediaModel.swift; sourceTree = "<group>"; };
		37CC0CFF292796780036C6E9 /* LensApiClient+MediaModel.swift */ = {isa = PBXFileReference; lastKnownFileType = sourcecode.swift; path = "LensApiClient+MediaModel.swift"; sourceTree = "<group>"; };
		37CC0D0129279DC30036C6E9 /* Toast.swift */ = {isa = PBXFileReference; lastKnownFileType = sourcecode.swift; path = Toast.swift; sourceTree = "<group>"; };
		37CDEB0D28D03146009B2B7E /* PublicationModel.swift */ = {isa = PBXFileReference; lastKnownFileType = sourcecode.swift; path = PublicationModel.swift; sourceTree = "<group>"; };
		37CDEB0F28D0322F009B2B7E /* Helper.swift */ = {isa = PBXFileReference; lastKnownFileType = sourcecode.swift; path = Helper.swift; sourceTree = "<group>"; };
		37D6808E292386B100F31669 /* UINavigationController+BackGesture.swift */ = {isa = PBXFileReference; lastKnownFileType = sourcecode.swift; path = "UINavigationController+BackGesture.swift"; sourceTree = "<group>"; };
		37D680902924AB3200F31669 /* Profile.swift */ = {isa = PBXFileReference; lastKnownFileType = sourcecode.swift; path = Profile.swift; sourceTree = "<group>"; };
		37DB471C2924D7DA00DE9EB3 /* UserProfile.swift */ = {isa = PBXFileReference; lastKnownFileType = sourcecode.swift; path = UserProfile.swift; sourceTree = "<group>"; };
		37F5C5E5291FBC34003C9E40 /* WalletView.swift */ = {isa = PBXFileReference; lastKnownFileType = sourcecode.swift; path = WalletView.swift; sourceTree = "<group>"; };
		37F5C5E7291FBC4E003C9E40 /* Wallet.swift */ = {isa = PBXFileReference; lastKnownFileType = sourcecode.swift; path = Wallet.swift; sourceTree = "<group>"; };
		37F71B4B28DE8A2D00F6D9B1 /* PostHeaderView.swift */ = {isa = PBXFileReference; lastKnownFileType = sourcecode.swift; path = PostHeaderView.swift; sourceTree = "<group>"; };
		37F71B4D28DE940300F6D9B1 /* PostStatsView.swift */ = {isa = PBXFileReference; lastKnownFileType = sourcecode.swift; path = PostStatsView.swift; sourceTree = "<group>"; };
		37F71B4F28DF34E400F6D9B1 /* LensApiClient+PublicationModel.swift */ = {isa = PBXFileReference; lastKnownFileType = sourcecode.swift; path = "LensApiClient+PublicationModel.swift"; sourceTree = "<group>"; };
		37F71B5528DF4D6400F6D9B1 /* Publication.swift */ = {isa = PBXFileReference; lastKnownFileType = sourcecode.swift; path = Publication.swift; sourceTree = "<group>"; };
/* End PBXFileReference section */

/* Begin PBXFrameworksBuildPhase section */
		377782FF28CCA05D00E7E32A /* Frameworks */ = {
			isa = PBXFrameworksBuildPhase;
			buildActionMask = 2147483647;
			files = (
				37E5C4ED29481B6A005B3979 /* Cache in Frameworks */,
				37D1236C28F70EC90037A4A7 /* Dependencies in Frameworks */,
				370ABF01292A847F005B8E11 /* Alamofire in Frameworks */,
				37D1236F28F70EE90037A4A7 /* Apollo in Frameworks */,
				3704F6B6292288E900AAF569 /* WalletConnectSwift in Frameworks */,
				373DAF1F29305C3700648C8E /* SwiftUINavigation in Frameworks */,
				37D1237128F70EE90037A4A7 /* ApolloWebSocket in Frameworks */,
				37D1236A28F70EC90037A4A7 /* ComposableArchitecture in Frameworks */,
				37557A23292744FB005524C5 /* Sentry in Frameworks */,
			);
			runOnlyForDeploymentPostprocessing = 0;
		};
		3777830F28CCA05E00E7E32A /* Frameworks */ = {
			isa = PBXFrameworksBuildPhase;
			buildActionMask = 2147483647;
			files = (
				372D1782294B043A008D2BEF /* Sentry in Frameworks */,
			);
			runOnlyForDeploymentPostprocessing = 0;
		};
		3777831928CCA05F00E7E32A /* Frameworks */ = {
			isa = PBXFrameworksBuildPhase;
			buildActionMask = 2147483647;
			files = (
			);
			runOnlyForDeploymentPostprocessing = 0;
		};
/* End PBXFrameworksBuildPhase section */

/* Begin PBXGroup section */
		370ABEFC292A83AE005B8E11 /* InfuraApi */ = {
			isa = PBXGroup;
			children = (
				370ABEFD292A83C8005B8E11 /* InfuraApiClient.swift */,
				37C54C58292B12A0006E8DBA /* InfuraApiClient+Environment.swift */,
			);
			path = InfuraApi;
			sourceTree = "<group>";
		};
		370D8E86291F8C1B004A091F /* LineAwesome */ = {
			isa = PBXGroup;
			children = (
				372248D028DAF4C40066BCE5 /* la-brands-400.ttf */,
				372248D228DAF4C40066BCE5 /* la-regular-400.ttf */,
				372248D128DAF4C40066BCE5 /* la-solid-900.ttf */,
			);
			path = LineAwesome;
			sourceTree = "<group>";
		};
		370D8E87291F8C27004A091F /* DMSans */ = {
			isa = PBXGroup;
			children = (
				370D8E89291F8C3B004A091F /* DMSans-Bold.ttf */,
				370D8E8D291F8C3B004A091F /* DMSans-BoldItalic.ttf */,
				370D8E8A291F8C3B004A091F /* DMSans-Italic.ttf */,
				370D8E88291F8C3B004A091F /* DMSans-Medium.ttf */,
				370D8E8B291F8C3B004A091F /* DMSans-MediumItalic.ttf */,
				370D8E8C291F8C3B004A091F /* DMSans-Regular.ttf */,
			);
			path = DMSans;
			sourceTree = "<group>";
		};
		372248C428DABA3E0066BCE5 /* Post */ = {
			isa = PBXGroup;
			children = (
				37F71B5528DF4D6400F6D9B1 /* Publication.swift */,
				372248C528DABA5E0066BCE5 /* Post.swift */,
				372248CD28DAF38D0066BCE5 /* PostDetailView.swift */,
				37F71B4B28DE8A2D00F6D9B1 /* PostHeaderView.swift */,
				376C5ED728D4266100BA908A /* PostView.swift */,
				37F71B4D28DE940300F6D9B1 /* PostStatsView.swift */,
			);
			path = Post;
			sourceTree = "<group>";
		};
		372248CF28DAF4B80066BCE5 /* Assets */ = {
			isa = PBXGroup;
			children = (
				3737037C291FF56E0006FB04 /* Righteous */,
				370D8E87291F8C27004A091F /* DMSans */,
				370D8E86291F8C1B004A091F /* LineAwesome */,
				3777830928CCA05E00E7E32A /* Assets.xcassets */,
			);
			path = Assets;
			sourceTree = "<group>";
		};
		372248DD28DB47AE0066BCE5 /* Timeline */ = {
			isa = PBXGroup;
			children = (
				372248D928DB479D0066BCE5 /* TimelineView.swift */,
				372248DB28DB47A80066BCE5 /* Timeline.swift */,
			);
			path = Timeline;
			sourceTree = "<group>";
		};
		372D1786294B0752008D2BEF /* RootTests */ = {
			isa = PBXGroup;
			children = (
				372D1787294B0771008D2BEF /* RootTests.swift */,
			);
			path = RootTests;
			sourceTree = "<group>";
		};
		3737037C291FF56E0006FB04 /* Righteous */ = {
			isa = PBXGroup;
			children = (
				3737037D291FF5770006FB04 /* Righteous-Regular.ttf */,
			);
			path = Righteous;
			sourceTree = "<group>";
		};
		37557A2429274510005524C5 /* Helper */ = {
			isa = PBXGroup;
			children = (
				37CDEB0F28D0322F009B2B7E /* Helper.swift */,
				3758528C293281FD0017A415 /* NavigationApi.swift */,
			);
			path = Helper;
			sourceTree = "<group>";
		};
		376C5ED428D4245500BA908A /* Models */ = {
			isa = PBXGroup;
			children = (
				37CC0CFD292793930036C6E9 /* MediaModel.swift */,
				37CDEB0D28D03146009B2B7E /* PublicationModel.swift */,
				376C5ED528D4253F00BA908A /* ProfileModel.swift */,
				37A7A6F5293C4DAB00964768 /* MediaDataModel.swift */,
			);
			path = Models;
			sourceTree = "<group>";
		};
		377782F928CCA05D00E7E32A = {
			isa = PBXGroup;
			children = (
				3777830428CCA05D00E7E32A /* Lentil */,
				3777831528CCA05E00E7E32A /* LentilTests */,
				3777831F28CCA05F00E7E32A /* LentilUITests */,
				3777830328CCA05D00E7E32A /* Products */,
				37BBB13528F3BA0500A6D202 /* Frameworks */,
			);
			sourceTree = "<group>";
		};
		3777830328CCA05D00E7E32A /* Products */ = {
			isa = PBXGroup;
			children = (
				3777830228CCA05D00E7E32A /* Lentil.app */,
				3777831228CCA05E00E7E32A /* LentilTests.xctest */,
				3777831C28CCA05F00E7E32A /* LentilUITests.xctest */,
			);
			name = Products;
			sourceTree = "<group>";
		};
		3777830428CCA05D00E7E32A /* Lentil */ = {
			isa = PBXGroup;
			children = (
				372248D628DAF4EC0066BCE5 /* Info.plist */,
				37C54C5F292B4103006E8DBA /* Mumbai-Development.xcconfig */,
				37C54C60292B4113006E8DBA /* Polygon-Production.xcconfig */,
				37C54C57292B0E46006E8DBA /* Secrets-Development.xcconfig */,
				37C54C61292B423E006E8DBA /* Secrets-Production.xcconfig */,
				372248CF28DAF4B80066BCE5 /* Assets */,
				37CF6E1728FA620D0035A7CF /* AuthToken */,
				37A7A6F7293C53E500964768 /* Cache */,
				37C5178F291F5142002D2B6D /* Components */,
				37C54C5A292B1EB7006E8DBA /* CreatePublication */,
				37557A2429274510005524C5 /* Helper */,
				370ABEFC292A83AE005B8E11 /* InfuraApi */,
				37BBB12D28F2737600A6D202 /* LensApi */,
				37C54C63292C7EBD006E8DBA /* LensMetadata */,
				376C5ED428D4245500BA908A /* Models */,
				372248C428DABA3E0066BCE5 /* Post */,
				37F71B4628DDB3FE00F6D9B1 /* Profile */,
				37F37F5E2926044A00469E21 /* Root */,
				37BE767228FAA77D00282ED0 /* Theme */,
				372248DD28DB47AE0066BCE5 /* Timeline */,
				37F5C5E4291FBC25003C9E40 /* Wallet */,
				37C89B6329278535003583E8 /* LentilEnvironment.swift */,
				3777830528CCA05D00E7E32A /* LentilApp.swift */,
				3777834228CCD39500E7E32A /* API.swift */,
				3777833F28CCD21400E7E32A /* operations.graphql */,
				3777834128CCD35300E7E32A /* schema.json */,
				3777830B28CCA05E00E7E32A /* Preview Content */,
			);
			path = Lentil;
			sourceTree = "<group>";
		};
		3777830B28CCA05E00E7E32A /* Preview Content */ = {
			isa = PBXGroup;
			children = (
				3777830C28CCA05E00E7E32A /* Preview Assets.xcassets */,
			);
			path = "Preview Content";
			sourceTree = "<group>";
		};
		3777831528CCA05E00E7E32A /* LentilTests */ = {
			isa = PBXGroup;
			children = (
				372D1786294B0752008D2BEF /* RootTests */,
				37BBB13228F3B41700A6D202 /* LensApiTests */,
				3777831628CCA05E00E7E32A /* LentilTests.swift */,
				372248CB28DADE3C0066BCE5 /* HelperTests.swift */,
				372D1789294B0E41008D2BEF /* TestHelper.swift */,
			);
			path = LentilTests;
			sourceTree = "<group>";
		};
		3777831F28CCA05F00E7E32A /* LentilUITests */ = {
			isa = PBXGroup;
			children = (
				3777832028CCA05F00E7E32A /* LentilUITests.swift */,
				3777832228CCA05F00E7E32A /* LentilUITestsLaunchTests.swift */,
			);
			path = LentilUITests;
			sourceTree = "<group>";
		};
		37A7A6F7293C53E500964768 /* Cache */ = {
			isa = PBXGroup;
			children = (
				37A7A6F8293C53F100964768 /* Cache.swift */,
			);
			path = Cache;
			sourceTree = "<group>";
		};
		37BBB12D28F2737600A6D202 /* LensApi */ = {
			isa = PBXGroup;
			children = (
				3777834628CDA27600E7E32A /* LensApiClient.swift */,
				37BBB12B28F2731E00A6D202 /* LensApiClient+Environment.swift */,
				37BBB12E28F2A9E200A6D202 /* LensApiClient+Interceptors.swift */,
				37CC0CFF292796780036C6E9 /* LensApiClient+MediaModel.swift */,
				373269C42927D60500B86EA9 /* LensApiClient+ProfileModel.swift */,
				37F71B4F28DF34E400F6D9B1 /* LensApiClient+PublicationModel.swift */,
				37BBB12928F271F100A6D202 /* LensApiClient+Run.swift */,
				37849D6429069DFE003FC409 /* LensApiClient+TypedData.swift */,
			);
			path = LensApi;
			sourceTree = "<group>";
		};
		37BBB13228F3B41700A6D202 /* LensApiTests */ = {
			isa = PBXGroup;
			children = (
			);
			path = LensApiTests;
			sourceTree = "<group>";
		};
		37BBB13528F3BA0500A6D202 /* Frameworks */ = {
			isa = PBXGroup;
			children = (
			);
			name = Frameworks;
			sourceTree = "<group>";
		};
		37BE767228FAA77D00282ED0 /* Theme */ = {
			isa = PBXGroup;
			children = (
				37D6808E292386B100F31669 /* UINavigationController+BackGesture.swift */,
				372248DE28DBFF080066BCE5 /* Theme.swift */,
			);
			path = Theme;
			sourceTree = "<group>";
		};
		37C5178F291F5142002D2B6D /* Components */ = {
			isa = PBXGroup;
			children = (
				37BE767028FAA73800282ED0 /* LentilButton.swift */,
				37C51792291F518C002D2B6D /* LentilImage.swift */,
				37BE767328FAB6CB00282ED0 /* SignInWithLens.swift */,
				37CC0D0129279DC30036C6E9 /* Toast.swift */,
			);
			path = Components;
			sourceTree = "<group>";
		};
		37C54C5A292B1EB7006E8DBA /* CreatePublication */ = {
			isa = PBXGroup;
			children = (
				37C54C5B292B1ECC006E8DBA /* CreatePublicationView.swift */,
				37C54C5D292B20B4006E8DBA /* CreatePublication.swift */,
			);
			path = CreatePublication;
			sourceTree = "<group>";
		};
		37C54C63292C7EBD006E8DBA /* LensMetadata */ = {
			isa = PBXGroup;
			children = (
				37C54C68292C895B006E8DBA /* File+FormDataAppendable.swift */,
				37C54C66292C8932006E8DBA /* File+Image.swift */,
				37C54C6A292C897C006E8DBA /* File+Publication.swift */,
				37C54C64292C7EE6006E8DBA /* Metadata.swift */,
			);
			path = LensMetadata;
			sourceTree = "<group>";
		};
		37CF6E1728FA620D0035A7CF /* AuthToken */ = {
			isa = PBXGroup;
			children = (
				37BE766E28FA63A600282ED0 /* AuthTokenStorage.swift */,
				37BBBAFD2901292900E74462 /* Keychain.swift */,
			);
			path = AuthToken;
			sourceTree = "<group>";
		};
		37F37F5E2926044A00469E21 /* Root */ = {
			isa = PBXGroup;
			children = (
				3777830728CCA05D00E7E32A /* RootView.swift */,
				372248D728DB46890066BCE5 /* Root.swift */,
			);
			path = Root;
			sourceTree = "<group>";
		};
		37F5C5E4291FBC25003C9E40 /* Wallet */ = {
			isa = PBXGroup;
			children = (
				37F5C5E5291FBC34003C9E40 /* WalletView.swift */,
				37F5C5E7291FBC4E003C9E40 /* Wallet.swift */,
				3704F6B229220FDD00AAF569 /* WalletConnector.swift */,
			);
			path = Wallet;
			sourceTree = "<group>";
		};
		37F71B4628DDB3FE00F6D9B1 /* Profile */ = {
			isa = PBXGroup;
			children = (
				37C5178D291EA986002D2B6D /* ProfileView.swift */,
				37D680902924AB3200F31669 /* Profile.swift */,
				37DB471C2924D7DA00DE9EB3 /* UserProfile.swift */,
			);
			path = Profile;
			sourceTree = "<group>";
		};
/* End PBXGroup section */

/* Begin PBXNativeTarget section */
		3777830128CCA05D00E7E32A /* Lentil */ = {
			isa = PBXNativeTarget;
			buildConfigurationList = 3777832628CCA05F00E7E32A /* Build configuration list for PBXNativeTarget "Lentil" */;
			buildPhases = (
				37D1236728F70DB20037A4A7 /* Apollo */,
				377782FE28CCA05D00E7E32A /* Sources */,
				377782FF28CCA05D00E7E32A /* Frameworks */,
				3777830028CCA05D00E7E32A /* Resources */,
			);
			buildRules = (
			);
			dependencies = (
			);
			name = Lentil;
			packageProductDependencies = (
				37D1236928F70EC90037A4A7 /* ComposableArchitecture */,
				37D1236B28F70EC90037A4A7 /* Dependencies */,
				37D1236E28F70EE90037A4A7 /* Apollo */,
				37D1237028F70EE90037A4A7 /* ApolloWebSocket */,
				3704F6B5292288E900AAF569 /* WalletConnectSwift */,
				37557A22292744FB005524C5 /* Sentry */,
				370ABF00292A847F005B8E11 /* Alamofire */,
				373DAF1E29305C3700648C8E /* SwiftUINavigation */,
				37E5C4EC29481B6A005B3979 /* Cache */,
			);
			productName = Lentil;
			productReference = 3777830228CCA05D00E7E32A /* Lentil.app */;
			productType = "com.apple.product-type.application";
		};
		3777831128CCA05E00E7E32A /* LentilTests */ = {
			isa = PBXNativeTarget;
			buildConfigurationList = 3777832928CCA05F00E7E32A /* Build configuration list for PBXNativeTarget "LentilTests" */;
			buildPhases = (
				3777830E28CCA05E00E7E32A /* Sources */,
				3777830F28CCA05E00E7E32A /* Frameworks */,
				3777831028CCA05E00E7E32A /* Resources */,
			);
			buildRules = (
			);
			dependencies = (
				3777831428CCA05E00E7E32A /* PBXTargetDependency */,
			);
			name = LentilTests;
			packageProductDependencies = (
				372D1781294B043A008D2BEF /* Sentry */,
			);
			productName = LentilTests;
			productReference = 3777831228CCA05E00E7E32A /* LentilTests.xctest */;
			productType = "com.apple.product-type.bundle.unit-test";
		};
		3777831B28CCA05F00E7E32A /* LentilUITests */ = {
			isa = PBXNativeTarget;
			buildConfigurationList = 3777832C28CCA05F00E7E32A /* Build configuration list for PBXNativeTarget "LentilUITests" */;
			buildPhases = (
				3777831828CCA05F00E7E32A /* Sources */,
				3777831928CCA05F00E7E32A /* Frameworks */,
				3777831A28CCA05F00E7E32A /* Resources */,
			);
			buildRules = (
			);
			dependencies = (
				3777831E28CCA05F00E7E32A /* PBXTargetDependency */,
			);
			name = LentilUITests;
			productName = LentilUITests;
			productReference = 3777831C28CCA05F00E7E32A /* LentilUITests.xctest */;
			productType = "com.apple.product-type.bundle.ui-testing";
		};
/* End PBXNativeTarget section */

/* Begin PBXProject section */
		377782FA28CCA05D00E7E32A /* Project object */ = {
			isa = PBXProject;
			attributes = {
				BuildIndependentTargetsInParallel = 1;
				LastSwiftUpdateCheck = 1400;
				LastUpgradeCheck = 1400;
				TargetAttributes = {
					3777830128CCA05D00E7E32A = {
						CreatedOnToolsVersion = 14.0;
					};
					3777831128CCA05E00E7E32A = {
						CreatedOnToolsVersion = 14.0;
						TestTargetID = 3777830128CCA05D00E7E32A;
					};
					3777831B28CCA05F00E7E32A = {
						CreatedOnToolsVersion = 14.0;
						TestTargetID = 3777830128CCA05D00E7E32A;
					};
				};
			};
			buildConfigurationList = 377782FD28CCA05D00E7E32A /* Build configuration list for PBXProject "Lentil" */;
			compatibilityVersion = "Xcode 14.0";
			developmentRegion = en;
			hasScannedForEncodings = 0;
			knownRegions = (
				en,
				Base,
			);
			mainGroup = 377782F928CCA05D00E7E32A;
			packageReferences = (
				37D1236828F70EC90037A4A7 /* XCRemoteSwiftPackageReference "swift-composable-architecture" */,
				37D1236D28F70EE90037A4A7 /* XCRemoteSwiftPackageReference "apollo-ios" */,
				3704F6B4292288E900AAF569 /* XCRemoteSwiftPackageReference "WalletConnectSwift" */,
				37557A21292744FB005524C5 /* XCRemoteSwiftPackageReference "sentry-cocoa" */,
				370ABEFF292A847F005B8E11 /* XCRemoteSwiftPackageReference "Alamofire" */,
				373DAF1D29305C3700648C8E /* XCRemoteSwiftPackageReference "swiftui-navigation" */,
				37E5C4EB29481B6A005B3979 /* XCRemoteSwiftPackageReference "Cache" */,
			);
			productRefGroup = 3777830328CCA05D00E7E32A /* Products */;
			projectDirPath = "";
			projectRoot = "";
			targets = (
				3777830128CCA05D00E7E32A /* Lentil */,
				3777831128CCA05E00E7E32A /* LentilTests */,
				3777831B28CCA05F00E7E32A /* LentilUITests */,
			);
		};
/* End PBXProject section */

/* Begin PBXResourcesBuildPhase section */
		3777830028CCA05D00E7E32A /* Resources */ = {
			isa = PBXResourcesBuildPhase;
			buildActionMask = 2147483647;
			files = (
				372248D328DAF4C40066BCE5 /* la-brands-400.ttf in Resources */,
				370D8E93291F8C3B004A091F /* DMSans-BoldItalic.ttf in Resources */,
				3777830D28CCA05E00E7E32A /* Preview Assets.xcassets in Resources */,
				3777830A28CCA05E00E7E32A /* Assets.xcassets in Resources */,
				370D8E91291F8C3B004A091F /* DMSans-MediumItalic.ttf in Resources */,
				372248D428DAF4C40066BCE5 /* la-solid-900.ttf in Resources */,
				370D8E92291F8C3B004A091F /* DMSans-Regular.ttf in Resources */,
				372248D528DAF4C40066BCE5 /* la-regular-400.ttf in Resources */,
				370D8E8F291F8C3B004A091F /* DMSans-Bold.ttf in Resources */,
				370D8E90291F8C3B004A091F /* DMSans-Italic.ttf in Resources */,
				3737037E291FF5770006FB04 /* Righteous-Regular.ttf in Resources */,
				370D8E8E291F8C3B004A091F /* DMSans-Medium.ttf in Resources */,
			);
			runOnlyForDeploymentPostprocessing = 0;
		};
		3777831028CCA05E00E7E32A /* Resources */ = {
			isa = PBXResourcesBuildPhase;
			buildActionMask = 2147483647;
			files = (
			);
			runOnlyForDeploymentPostprocessing = 0;
		};
		3777831A28CCA05F00E7E32A /* Resources */ = {
			isa = PBXResourcesBuildPhase;
			buildActionMask = 2147483647;
			files = (
			);
			runOnlyForDeploymentPostprocessing = 0;
		};
/* End PBXResourcesBuildPhase section */

/* Begin PBXShellScriptBuildPhase section */
		37D1236728F70DB20037A4A7 /* Apollo */ = {
			isa = PBXShellScriptBuildPhase;
			buildActionMask = 8;
			files = (
			);
			inputFileListPaths = (
			);
			inputPaths = (
			);
			name = Apollo;
			outputFileListPaths = (
			);
			outputPaths = (
			);
			runOnlyForDeploymentPostprocessing = 1;
			shellPath = /bin/sh;
			shellScript = "# Don't run this during index builds\nif [ $ACTION = \"indexbuild\" ]; then exit 0; fi\n\n# Go to the build root and search up the chain to find the Derived Data Path where the source packages are checked out.\nDERIVED_DATA_CANDIDATE=\"${BUILD_ROOT}\"\n\nwhile ! [ -d \"${DERIVED_DATA_CANDIDATE}/SourcePackages\" ]; do\n  if [ \"${DERIVED_DATA_CANDIDATE}\" = / ]; then\n    echo >&2 \"error: Unable to locate SourcePackages directory from BUILD_ROOT: '${BUILD_ROOT}'\"\n    exit 1\n  fi\n\n  DERIVED_DATA_CANDIDATE=\"$(dirname \"${DERIVED_DATA_CANDIDATE}\")\"\ndone\n\n# Grab a reference to the directory where scripts are checked out\nSCRIPT_PATH=\"${DERIVED_DATA_CANDIDATE}/SourcePackages/checkouts/apollo-ios/scripts\"\n\nif [ -z \"${SCRIPT_PATH}\" ]; then\n    echo >&2 \"error: Couldn't find the CLI script in your checked out SPM packages; make sure to add the framework to your project.\"\n    exit 1\nfi\n\ncd \"${SRCROOT}/${TARGET_NAME}\"\n\"${SCRIPT_PATH}\"/run-bundled-codegen.sh codegen:generate --target=swift --includes=./**/*.graphql --localSchemaFile=\"schema.json\" API.swift\n";
		};
/* End PBXShellScriptBuildPhase section */

/* Begin PBXSourcesBuildPhase section */
		377782FE28CCA05D00E7E32A /* Sources */ = {
			isa = PBXSourcesBuildPhase;
			buildActionMask = 2147483647;
			files = (
				3704F6B329220FDD00AAF569 /* WalletConnector.swift in Sources */,
				37F5C5E6291FBC34003C9E40 /* WalletView.swift in Sources */,
				372248C628DABA5E0066BCE5 /* Post.swift in Sources */,
				372248DC28DB47A80066BCE5 /* Timeline.swift in Sources */,
				370ABEFE292A83C8005B8E11 /* InfuraApiClient.swift in Sources */,
				373269C52927D60500B86EA9 /* LensApiClient+ProfileModel.swift in Sources */,
				372248D828DB46890066BCE5 /* Root.swift in Sources */,
				372248CE28DAF38D0066BCE5 /* PostDetailView.swift in Sources */,
				37BBBAFE2901292900E74462 /* Keychain.swift in Sources */,
				3777830828CCA05D00E7E32A /* RootView.swift in Sources */,
				37CDEB0E28D03146009B2B7E /* PublicationModel.swift in Sources */,
				37DB471D2924D7DA00DE9EB3 /* UserProfile.swift in Sources */,
				376C5ED828D4266100BA908A /* PostView.swift in Sources */,
				37BBB12A28F271F100A6D202 /* LensApiClient+Run.swift in Sources */,
				37BBB12F28F2A9E300A6D202 /* LensApiClient+Interceptors.swift in Sources */,
				37C54C5C292B1ECC006E8DBA /* CreatePublicationView.swift in Sources */,
				3758528D293281FD0017A415 /* NavigationApi.swift in Sources */,
				37C51793291F518C002D2B6D /* LentilImage.swift in Sources */,
				37D6808F292386B100F31669 /* UINavigationController+BackGesture.swift in Sources */,
				37C89B6429278535003583E8 /* LentilEnvironment.swift in Sources */,
				3777834728CDA27600E7E32A /* LensApiClient.swift in Sources */,
				37CC0D0229279DC30036C6E9 /* Toast.swift in Sources */,
				37F71B5028DF34E400F6D9B1 /* LensApiClient+PublicationModel.swift in Sources */,
				372248DA28DB479D0066BCE5 /* TimelineView.swift in Sources */,
				37C54C59292B12A0006E8DBA /* InfuraApiClient+Environment.swift in Sources */,
				37BBB12C28F2731E00A6D202 /* LensApiClient+Environment.swift in Sources */,
				37C54C6B292C897C006E8DBA /* File+Publication.swift in Sources */,
				37BE767128FAA73800282ED0 /* LentilButton.swift in Sources */,
				376C5ED628D4253F00BA908A /* ProfileModel.swift in Sources */,
				3777834328CCD39500E7E32A /* API.swift in Sources */,
				37F71B5628DF4D6400F6D9B1 /* Publication.swift in Sources */,
				37CC0CFE292793930036C6E9 /* MediaModel.swift in Sources */,
				37C54C65292C7EE6006E8DBA /* Metadata.swift in Sources */,
				37849D6529069DFE003FC409 /* LensApiClient+TypedData.swift in Sources */,
				37D680912924AB3200F31669 /* Profile.swift in Sources */,
				37C54C69292C895B006E8DBA /* File+FormDataAppendable.swift in Sources */,
				37C5178E291EA986002D2B6D /* ProfileView.swift in Sources */,
				3777830628CCA05D00E7E32A /* LentilApp.swift in Sources */,
				37CC0D00292796780036C6E9 /* LensApiClient+MediaModel.swift in Sources */,
				37C54C5E292B20B4006E8DBA /* CreatePublication.swift in Sources */,
				37A7A6F6293C4DAB00964768 /* MediaDataModel.swift in Sources */,
				37CDEB1028D0322F009B2B7E /* Helper.swift in Sources */,
				37F71B4C28DE8A2D00F6D9B1 /* PostHeaderView.swift in Sources */,
				37F71B4E28DE940300F6D9B1 /* PostStatsView.swift in Sources */,
				37F5C5E8291FBC4E003C9E40 /* Wallet.swift in Sources */,
				37BE767428FAB6CB00282ED0 /* SignInWithLens.swift in Sources */,
				37A7A6F9293C53F100964768 /* Cache.swift in Sources */,
				37C54C67292C8932006E8DBA /* File+Image.swift in Sources */,
				372248DF28DBFF080066BCE5 /* Theme.swift in Sources */,
				37BE766F28FA63A600282ED0 /* AuthTokenStorage.swift in Sources */,
			);
			runOnlyForDeploymentPostprocessing = 0;
		};
		3777830E28CCA05E00E7E32A /* Sources */ = {
			isa = PBXSourcesBuildPhase;
			buildActionMask = 2147483647;
			files = (
				3777831728CCA05E00E7E32A /* LentilTests.swift in Sources */,
				372D1788294B0771008D2BEF /* RootTests.swift in Sources */,
				372248CC28DADE3C0066BCE5 /* HelperTests.swift in Sources */,
				372D178A294B0E41008D2BEF /* TestHelper.swift in Sources */,
			);
			runOnlyForDeploymentPostprocessing = 0;
		};
		3777831828CCA05F00E7E32A /* Sources */ = {
			isa = PBXSourcesBuildPhase;
			buildActionMask = 2147483647;
			files = (
				3777832328CCA05F00E7E32A /* LentilUITestsLaunchTests.swift in Sources */,
				3777832128CCA05F00E7E32A /* LentilUITests.swift in Sources */,
			);
			runOnlyForDeploymentPostprocessing = 0;
		};
/* End PBXSourcesBuildPhase section */

/* Begin PBXTargetDependency section */
		3777831428CCA05E00E7E32A /* PBXTargetDependency */ = {
			isa = PBXTargetDependency;
			target = 3777830128CCA05D00E7E32A /* Lentil */;
			targetProxy = 3777831328CCA05E00E7E32A /* PBXContainerItemProxy */;
		};
		3777831E28CCA05F00E7E32A /* PBXTargetDependency */ = {
			isa = PBXTargetDependency;
			target = 3777830128CCA05D00E7E32A /* Lentil */;
			targetProxy = 3777831D28CCA05F00E7E32A /* PBXContainerItemProxy */;
		};
/* End PBXTargetDependency section */

/* Begin XCBuildConfiguration section */
		3777832428CCA05F00E7E32A /* Debug */ = {
			isa = XCBuildConfiguration;
			baseConfigurationReference = 37C54C5F292B4103006E8DBA /* Mumbai-Development.xcconfig */;
			buildSettings = {
				ALWAYS_SEARCH_USER_PATHS = NO;
				CLANG_ANALYZER_NONNULL = YES;
				CLANG_ANALYZER_NUMBER_OBJECT_CONVERSION = YES_AGGRESSIVE;
				CLANG_CXX_LANGUAGE_STANDARD = "gnu++20";
				CLANG_ENABLE_MODULES = YES;
				CLANG_ENABLE_OBJC_ARC = YES;
				CLANG_ENABLE_OBJC_WEAK = YES;
				CLANG_WARN_BLOCK_CAPTURE_AUTORELEASING = YES;
				CLANG_WARN_BOOL_CONVERSION = YES;
				CLANG_WARN_COMMA = YES;
				CLANG_WARN_CONSTANT_CONVERSION = YES;
				CLANG_WARN_DEPRECATED_OBJC_IMPLEMENTATIONS = YES;
				CLANG_WARN_DIRECT_OBJC_ISA_USAGE = YES_ERROR;
				CLANG_WARN_DOCUMENTATION_COMMENTS = YES;
				CLANG_WARN_EMPTY_BODY = YES;
				CLANG_WARN_ENUM_CONVERSION = YES;
				CLANG_WARN_INFINITE_RECURSION = YES;
				CLANG_WARN_INT_CONVERSION = YES;
				CLANG_WARN_NON_LITERAL_NULL_CONVERSION = YES;
				CLANG_WARN_OBJC_IMPLICIT_RETAIN_SELF = YES;
				CLANG_WARN_OBJC_LITERAL_CONVERSION = YES;
				CLANG_WARN_OBJC_ROOT_CLASS = YES_ERROR;
				CLANG_WARN_QUOTED_INCLUDE_IN_FRAMEWORK_HEADER = YES;
				CLANG_WARN_RANGE_LOOP_ANALYSIS = YES;
				CLANG_WARN_STRICT_PROTOTYPES = YES;
				CLANG_WARN_SUSPICIOUS_MOVE = YES;
				CLANG_WARN_UNGUARDED_AVAILABILITY = YES_AGGRESSIVE;
				CLANG_WARN_UNREACHABLE_CODE = YES;
				CLANG_WARN__DUPLICATE_METHOD_MATCH = YES;
				COPY_PHASE_STRIP = NO;
				DEBUG_INFORMATION_FORMAT = dwarf;
				ENABLE_STRICT_OBJC_MSGSEND = YES;
				ENABLE_TESTABILITY = YES;
				GCC_C_LANGUAGE_STANDARD = gnu11;
				GCC_DYNAMIC_NO_PIC = NO;
				GCC_NO_COMMON_BLOCKS = YES;
				GCC_OPTIMIZATION_LEVEL = 0;
				GCC_PREPROCESSOR_DEFINITIONS = (
					"DEBUG=1",
					"$(inherited)",
				);
				GCC_WARN_64_TO_32_BIT_CONVERSION = YES;
				GCC_WARN_ABOUT_RETURN_TYPE = YES_ERROR;
				GCC_WARN_UNDECLARED_SELECTOR = YES;
				GCC_WARN_UNINITIALIZED_AUTOS = YES_AGGRESSIVE;
				GCC_WARN_UNUSED_FUNCTION = YES;
				GCC_WARN_UNUSED_VARIABLE = YES;
				IPHONEOS_DEPLOYMENT_TARGET = 16.0;
				MTL_ENABLE_DEBUG_INFO = INCLUDE_SOURCE;
				MTL_FAST_MATH = YES;
				ONLY_ACTIVE_ARCH = YES;
				SDKROOT = iphoneos;
				SWIFT_ACTIVE_COMPILATION_CONDITIONS = DEBUG;
				SWIFT_OPTIMIZATION_LEVEL = "-Onone";
			};
			name = Debug;
		};
		3777832528CCA05F00E7E32A /* Release */ = {
			isa = XCBuildConfiguration;
			baseConfigurationReference = 37C54C60292B4113006E8DBA /* Polygon-Production.xcconfig */;
			buildSettings = {
				ALWAYS_SEARCH_USER_PATHS = NO;
				CLANG_ANALYZER_NONNULL = YES;
				CLANG_ANALYZER_NUMBER_OBJECT_CONVERSION = YES_AGGRESSIVE;
				CLANG_CXX_LANGUAGE_STANDARD = "gnu++20";
				CLANG_ENABLE_MODULES = YES;
				CLANG_ENABLE_OBJC_ARC = YES;
				CLANG_ENABLE_OBJC_WEAK = YES;
				CLANG_WARN_BLOCK_CAPTURE_AUTORELEASING = YES;
				CLANG_WARN_BOOL_CONVERSION = YES;
				CLANG_WARN_COMMA = YES;
				CLANG_WARN_CONSTANT_CONVERSION = YES;
				CLANG_WARN_DEPRECATED_OBJC_IMPLEMENTATIONS = YES;
				CLANG_WARN_DIRECT_OBJC_ISA_USAGE = YES_ERROR;
				CLANG_WARN_DOCUMENTATION_COMMENTS = YES;
				CLANG_WARN_EMPTY_BODY = YES;
				CLANG_WARN_ENUM_CONVERSION = YES;
				CLANG_WARN_INFINITE_RECURSION = YES;
				CLANG_WARN_INT_CONVERSION = YES;
				CLANG_WARN_NON_LITERAL_NULL_CONVERSION = YES;
				CLANG_WARN_OBJC_IMPLICIT_RETAIN_SELF = YES;
				CLANG_WARN_OBJC_LITERAL_CONVERSION = YES;
				CLANG_WARN_OBJC_ROOT_CLASS = YES_ERROR;
				CLANG_WARN_QUOTED_INCLUDE_IN_FRAMEWORK_HEADER = YES;
				CLANG_WARN_RANGE_LOOP_ANALYSIS = YES;
				CLANG_WARN_STRICT_PROTOTYPES = YES;
				CLANG_WARN_SUSPICIOUS_MOVE = YES;
				CLANG_WARN_UNGUARDED_AVAILABILITY = YES_AGGRESSIVE;
				CLANG_WARN_UNREACHABLE_CODE = YES;
				CLANG_WARN__DUPLICATE_METHOD_MATCH = YES;
				COPY_PHASE_STRIP = NO;
				DEBUG_INFORMATION_FORMAT = "dwarf-with-dsym";
				ENABLE_NS_ASSERTIONS = NO;
				ENABLE_STRICT_OBJC_MSGSEND = YES;
				GCC_C_LANGUAGE_STANDARD = gnu11;
				GCC_NO_COMMON_BLOCKS = YES;
				GCC_WARN_64_TO_32_BIT_CONVERSION = YES;
				GCC_WARN_ABOUT_RETURN_TYPE = YES_ERROR;
				GCC_WARN_UNDECLARED_SELECTOR = YES;
				GCC_WARN_UNINITIALIZED_AUTOS = YES_AGGRESSIVE;
				GCC_WARN_UNUSED_FUNCTION = YES;
				GCC_WARN_UNUSED_VARIABLE = YES;
				IPHONEOS_DEPLOYMENT_TARGET = 16.0;
				MTL_ENABLE_DEBUG_INFO = NO;
				MTL_FAST_MATH = YES;
				SDKROOT = iphoneos;
				SWIFT_COMPILATION_MODE = wholemodule;
				SWIFT_OPTIMIZATION_LEVEL = "-O";
				VALIDATE_PRODUCT = YES;
			};
			name = Release;
		};
		3777832728CCA05F00E7E32A /* Debug */ = {
			isa = XCBuildConfiguration;
			buildSettings = {
				ASSETCATALOG_COMPILER_APPICON_NAME = "AppIcon-Dev";
				ASSETCATALOG_COMPILER_GLOBAL_ACCENT_COLOR_NAME = AccentColor;
				CODE_SIGN_STYLE = Automatic;
				CURRENT_PROJECT_VERSION = 5;
				DEVELOPMENT_ASSET_PATHS = "\"Lentil/Preview Content\"";
				DEVELOPMENT_TEAM = G9B9Z38Z32;
				ENABLE_PREVIEWS = YES;
				GENERATE_INFOPLIST_FILE = YES;
				INFOPLIST_FILE = Lentil/Info.plist;
				INFOPLIST_KEY_CFBundleDisplayName = lentil;
				INFOPLIST_KEY_LSApplicationCategoryType = "public.app-category.social-networking";
				INFOPLIST_KEY_UIApplicationSceneManifest_Generation = YES;
				INFOPLIST_KEY_UIApplicationSupportsIndirectInputEvents = YES;
				INFOPLIST_KEY_UILaunchScreen_Generation = YES;
				INFOPLIST_KEY_UIStatusBarStyle = UIStatusBarStyleLightContent;
				INFOPLIST_KEY_UISupportedInterfaceOrientations = UIInterfaceOrientationPortrait;
				INFOPLIST_KEY_UISupportedInterfaceOrientations_iPad = "UIInterfaceOrientationLandscapeLeft UIInterfaceOrientationLandscapeRight UIInterfaceOrientationPortrait UIInterfaceOrientationPortraitUpsideDown";
				IPHONEOS_DEPLOYMENT_TARGET = 16.0;
				LD_RUNPATH_SEARCH_PATHS = (
					"$(inherited)",
					"@executable_path/Frameworks",
				);
				MARKETING_VERSION = 0.2;
				PRODUCT_BUNDLE_IDENTIFIER = "xyz.lentilapp.Lentil-Dev";
				PRODUCT_NAME = "$(TARGET_NAME)";
				SUPPORTED_PLATFORMS = "iphoneos iphonesimulator";
				SUPPORTS_MACCATALYST = NO;
				SUPPORTS_MAC_DESIGNED_FOR_IPHONE_IPAD = NO;
				SWIFT_EMIT_LOC_STRINGS = YES;
				SWIFT_VERSION = 5.0;
				TARGETED_DEVICE_FAMILY = 1;
			};
			name = Debug;
		};
		3777832828CCA05F00E7E32A /* Release */ = {
			isa = XCBuildConfiguration;
			buildSettings = {
				ASSETCATALOG_COMPILER_APPICON_NAME = AppIcon;
				ASSETCATALOG_COMPILER_GLOBAL_ACCENT_COLOR_NAME = AccentColor;
				CODE_SIGN_STYLE = Automatic;
				CURRENT_PROJECT_VERSION = 5;
				DEVELOPMENT_ASSET_PATHS = "\"Lentil/Preview Content\"";
				DEVELOPMENT_TEAM = G9B9Z38Z32;
				ENABLE_PREVIEWS = YES;
				GENERATE_INFOPLIST_FILE = YES;
				INFOPLIST_FILE = Lentil/Info.plist;
				INFOPLIST_KEY_CFBundleDisplayName = lentil;
				INFOPLIST_KEY_LSApplicationCategoryType = "public.app-category.social-networking";
				INFOPLIST_KEY_UIApplicationSceneManifest_Generation = YES;
				INFOPLIST_KEY_UIApplicationSupportsIndirectInputEvents = YES;
				INFOPLIST_KEY_UILaunchScreen_Generation = YES;
				INFOPLIST_KEY_UIStatusBarStyle = UIStatusBarStyleLightContent;
				INFOPLIST_KEY_UISupportedInterfaceOrientations = UIInterfaceOrientationPortrait;
				INFOPLIST_KEY_UISupportedInterfaceOrientations_iPad = "UIInterfaceOrientationLandscapeLeft UIInterfaceOrientationLandscapeRight UIInterfaceOrientationPortrait UIInterfaceOrientationPortraitUpsideDown";
				IPHONEOS_DEPLOYMENT_TARGET = 16.0;
				LD_RUNPATH_SEARCH_PATHS = (
					"$(inherited)",
					"@executable_path/Frameworks",
				);
				MARKETING_VERSION = 0.2;
				PRODUCT_BUNDLE_IDENTIFIER = xyz.lentilapp.Lentil;
				PRODUCT_NAME = "$(TARGET_NAME)";
				SUPPORTED_PLATFORMS = "iphoneos iphonesimulator";
				SUPPORTS_MACCATALYST = NO;
				SUPPORTS_MAC_DESIGNED_FOR_IPHONE_IPAD = NO;
				SWIFT_EMIT_LOC_STRINGS = YES;
				SWIFT_VERSION = 5.0;
				TARGETED_DEVICE_FAMILY = 1;
			};
			name = Release;
		};
		3777832A28CCA05F00E7E32A /* Debug */ = {
			isa = XCBuildConfiguration;
			buildSettings = {
				ALWAYS_EMBED_SWIFT_STANDARD_LIBRARIES = YES;
				BUNDLE_LOADER = "$(TEST_HOST)";
				CODE_SIGN_STYLE = Automatic;
				CURRENT_PROJECT_VERSION = 1;
				DEVELOPMENT_TEAM = G9B9Z38Z32;
				GENERATE_INFOPLIST_FILE = YES;
				HEADER_SEARCH_PATHS = "";
				IPHONEOS_DEPLOYMENT_TARGET = 16.0;
				MARKETING_VERSION = 1.0;
				PRODUCT_BUNDLE_IDENTIFIER = cordt.LentilTests;
				PRODUCT_NAME = "$(TARGET_NAME)";
				SWIFT_EMIT_LOC_STRINGS = NO;
				SWIFT_VERSION = 5.0;
				TARGETED_DEVICE_FAMILY = "1,2";
				TEST_HOST = "$(BUILT_PRODUCTS_DIR)/Lentil.app/$(BUNDLE_EXECUTABLE_FOLDER_PATH)/Lentil";
			};
			name = Debug;
		};
		3777832B28CCA05F00E7E32A /* Release */ = {
			isa = XCBuildConfiguration;
			buildSettings = {
				ALWAYS_EMBED_SWIFT_STANDARD_LIBRARIES = YES;
				BUNDLE_LOADER = "$(TEST_HOST)";
				CODE_SIGN_STYLE = Automatic;
				CURRENT_PROJECT_VERSION = 1;
				DEVELOPMENT_TEAM = G9B9Z38Z32;
				GENERATE_INFOPLIST_FILE = YES;
				HEADER_SEARCH_PATHS = "";
				IPHONEOS_DEPLOYMENT_TARGET = 16.0;
				MARKETING_VERSION = 1.0;
				PRODUCT_BUNDLE_IDENTIFIER = cordt.LentilTests;
				PRODUCT_NAME = "$(TARGET_NAME)";
				SWIFT_EMIT_LOC_STRINGS = NO;
				SWIFT_VERSION = 5.0;
				TARGETED_DEVICE_FAMILY = "1,2";
				TEST_HOST = "$(BUILT_PRODUCTS_DIR)/Lentil.app/$(BUNDLE_EXECUTABLE_FOLDER_PATH)/Lentil";
			};
			name = Release;
		};
		3777832D28CCA05F00E7E32A /* Debug */ = {
			isa = XCBuildConfiguration;
			buildSettings = {
				ALWAYS_EMBED_SWIFT_STANDARD_LIBRARIES = YES;
				CODE_SIGN_STYLE = Automatic;
				CURRENT_PROJECT_VERSION = 1;
				DEVELOPMENT_TEAM = G9B9Z38Z32;
				GENERATE_INFOPLIST_FILE = YES;
				MARKETING_VERSION = 1.0;
				PRODUCT_BUNDLE_IDENTIFIER = cordt.LentilUITests;
				PRODUCT_NAME = "$(TARGET_NAME)";
				SWIFT_EMIT_LOC_STRINGS = NO;
				SWIFT_VERSION = 5.0;
				TARGETED_DEVICE_FAMILY = "1,2";
				TEST_TARGET_NAME = Lentil;
			};
			name = Debug;
		};
		3777832E28CCA05F00E7E32A /* Release */ = {
			isa = XCBuildConfiguration;
			buildSettings = {
				ALWAYS_EMBED_SWIFT_STANDARD_LIBRARIES = YES;
				CODE_SIGN_STYLE = Automatic;
				CURRENT_PROJECT_VERSION = 1;
				DEVELOPMENT_TEAM = G9B9Z38Z32;
				GENERATE_INFOPLIST_FILE = YES;
				MARKETING_VERSION = 1.0;
				PRODUCT_BUNDLE_IDENTIFIER = cordt.LentilUITests;
				PRODUCT_NAME = "$(TARGET_NAME)";
				SWIFT_EMIT_LOC_STRINGS = NO;
				SWIFT_VERSION = 5.0;
				TARGETED_DEVICE_FAMILY = "1,2";
				TEST_TARGET_NAME = Lentil;
			};
			name = Release;
		};
/* End XCBuildConfiguration section */

/* Begin XCConfigurationList section */
		377782FD28CCA05D00E7E32A /* Build configuration list for PBXProject "Lentil" */ = {
			isa = XCConfigurationList;
			buildConfigurations = (
				3777832428CCA05F00E7E32A /* Debug */,
				3777832528CCA05F00E7E32A /* Release */,
			);
			defaultConfigurationIsVisible = 0;
			defaultConfigurationName = Release;
		};
		3777832628CCA05F00E7E32A /* Build configuration list for PBXNativeTarget "Lentil" */ = {
			isa = XCConfigurationList;
			buildConfigurations = (
				3777832728CCA05F00E7E32A /* Debug */,
				3777832828CCA05F00E7E32A /* Release */,
			);
			defaultConfigurationIsVisible = 0;
			defaultConfigurationName = Release;
		};
		3777832928CCA05F00E7E32A /* Build configuration list for PBXNativeTarget "LentilTests" */ = {
			isa = XCConfigurationList;
			buildConfigurations = (
				3777832A28CCA05F00E7E32A /* Debug */,
				3777832B28CCA05F00E7E32A /* Release */,
			);
			defaultConfigurationIsVisible = 0;
			defaultConfigurationName = Release;
		};
		3777832C28CCA05F00E7E32A /* Build configuration list for PBXNativeTarget "LentilUITests" */ = {
			isa = XCConfigurationList;
			buildConfigurations = (
				3777832D28CCA05F00E7E32A /* Debug */,
				3777832E28CCA05F00E7E32A /* Release */,
			);
			defaultConfigurationIsVisible = 0;
			defaultConfigurationName = Release;
		};
/* End XCConfigurationList section */

/* Begin XCRemoteSwiftPackageReference section */
		3704F6B4292288E900AAF569 /* XCRemoteSwiftPackageReference "WalletConnectSwift" */ = {
			isa = XCRemoteSwiftPackageReference;
			repositoryURL = "https://github.com/WalletConnect/WalletConnectSwift.git";
			requirement = {
				branch = master;
				kind = branch;
			};
		};
		370ABEFF292A847F005B8E11 /* XCRemoteSwiftPackageReference "Alamofire" */ = {
			isa = XCRemoteSwiftPackageReference;
			repositoryURL = "https://github.com/Alamofire/Alamofire.git";
			requirement = {
				kind = upToNextMajorVersion;
				minimumVersion = 5.6.2;
			};
		};
		373DAF1D29305C3700648C8E /* XCRemoteSwiftPackageReference "swiftui-navigation" */ = {
			isa = XCRemoteSwiftPackageReference;
			repositoryURL = "https://github.com/pointfreeco/swiftui-navigation.git";
			requirement = {
				kind = upToNextMajorVersion;
				minimumVersion = 0.4.2;
			};
		};
		37557A21292744FB005524C5 /* XCRemoteSwiftPackageReference "sentry-cocoa" */ = {
			isa = XCRemoteSwiftPackageReference;
			repositoryURL = "https://github.com/getsentry/sentry-cocoa.git";
			requirement = {
				kind = upToNextMajorVersion;
				minimumVersion = 7.31.1;
			};
		};
		37D1236828F70EC90037A4A7 /* XCRemoteSwiftPackageReference "swift-composable-architecture" */ = {
			isa = XCRemoteSwiftPackageReference;
			repositoryURL = "https://github.com/pointfreeco/swift-composable-architecture.git";
			requirement = {
				kind = upToNextMajorVersion;
				minimumVersion = 0.47.2;
			};
		};
		37D1236D28F70EE90037A4A7 /* XCRemoteSwiftPackageReference "apollo-ios" */ = {
			isa = XCRemoteSwiftPackageReference;
			repositoryURL = "https://github.com/apollographql/apollo-ios";
			requirement = {
				kind = revision;
				revision = 42646f765d22dac0f22bfff48590102195c76da4;
			};
		};
		37E5C4EB29481B6A005B3979 /* XCRemoteSwiftPackageReference "Cache" */ = {
			isa = XCRemoteSwiftPackageReference;
			repositoryURL = "https://github.com/hyperoslo/Cache.git";
			requirement = {
				kind = upToNextMajorVersion;
				minimumVersion = 6.0.0;
			};
		};
/* End XCRemoteSwiftPackageReference section */

/* Begin XCSwiftPackageProductDependency section */
		3704F6B5292288E900AAF569 /* WalletConnectSwift */ = {
			isa = XCSwiftPackageProductDependency;
			package = 3704F6B4292288E900AAF569 /* XCRemoteSwiftPackageReference "WalletConnectSwift" */;
			productName = WalletConnectSwift;
		};
		370ABF00292A847F005B8E11 /* Alamofire */ = {
			isa = XCSwiftPackageProductDependency;
			package = 370ABEFF292A847F005B8E11 /* XCRemoteSwiftPackageReference "Alamofire" */;
			productName = Alamofire;
		};
		372D1781294B043A008D2BEF /* Sentry */ = {
			isa = XCSwiftPackageProductDependency;
			package = 37557A21292744FB005524C5 /* XCRemoteSwiftPackageReference "sentry-cocoa" */;
			productName = Sentry;
		};
		373DAF1E29305C3700648C8E /* SwiftUINavigation */ = {
			isa = XCSwiftPackageProductDependency;
			package = 373DAF1D29305C3700648C8E /* XCRemoteSwiftPackageReference "swiftui-navigation" */;
			productName = SwiftUINavigation;
		};
		37557A22292744FB005524C5 /* Sentry */ = {
			isa = XCSwiftPackageProductDependency;
			package = 37557A21292744FB005524C5 /* XCRemoteSwiftPackageReference "sentry-cocoa" */;
			productName = Sentry;
		};
		37D1236928F70EC90037A4A7 /* ComposableArchitecture */ = {
			isa = XCSwiftPackageProductDependency;
			package = 37D1236828F70EC90037A4A7 /* XCRemoteSwiftPackageReference "swift-composable-architecture" */;
			productName = ComposableArchitecture;
		};
		37D1236B28F70EC90037A4A7 /* Dependencies */ = {
			isa = XCSwiftPackageProductDependency;
			package = 37D1236828F70EC90037A4A7 /* XCRemoteSwiftPackageReference "swift-composable-architecture" */;
			productName = Dependencies;
		};
		37D1236E28F70EE90037A4A7 /* Apollo */ = {
			isa = XCSwiftPackageProductDependency;
			package = 37D1236D28F70EE90037A4A7 /* XCRemoteSwiftPackageReference "apollo-ios" */;
			productName = Apollo;
		};
		37D1237028F70EE90037A4A7 /* ApolloWebSocket */ = {
			isa = XCSwiftPackageProductDependency;
			package = 37D1236D28F70EE90037A4A7 /* XCRemoteSwiftPackageReference "apollo-ios" */;
			productName = ApolloWebSocket;
		};
		37E5C4EC29481B6A005B3979 /* Cache */ = {
			isa = XCSwiftPackageProductDependency;
			package = 37E5C4EB29481B6A005B3979 /* XCRemoteSwiftPackageReference "Cache" */;
			productName = Cache;
		};
/* End XCSwiftPackageProductDependency section */
	};
	rootObject = 377782FA28CCA05D00E7E32A /* Project object */;
}
